
Microsoft Visual Studio Solution File, Format Version 12.00
# Visual Studio 15
VisualStudioVersion = 15.0.28307.136
MinimumVisualStudioVersion = 10.0.40219.1
Project("{FAE04EC0-301F-11D3-BF4B-00C04F79EFBC}") = "iedereenkanschilderen", "iedereenkanschilderen\iedereenkanschilderen.csproj", "{490A1A31-76C9-4556-872E-16F20BD906BB}"
EndProject
Global
	GlobalSection(SolutionConfigurationPlatforms) = preSolution
		Debug|Any CPU = Debug|Any CPU
		Release|Any CPU = Release|Any CPU
	EndGlobalSection
	GlobalSection(ProjectConfigurationPlatforms) = postSolution
		{490A1A31-76C9-4556-872E-16F20BD906BB}.Debug|Any CPU.ActiveCfg = Debug|Any CPU
		{490A1A31-76C9-4556-872E-16F20BD906BB}.Debug|Any CPU.Build.0 = Debug|Any CPU
		{490A1A31-76C9-4556-872E-16F20BD906BB}.Release|Any CPU.ActiveCfg = Release|Any CPU
		{490A1A31-76C9-4556-872E-16F20BD906BB}.Release|Any CPU.Build.0 = Release|Any CPU
	EndGlobalSection
	GlobalSection(SolutionProperties) = preSolution
		HideSolutionNode = FALSE
	EndGlobalSection
	GlobalSection(ExtensibilityGlobals) = postSolution
		SolutionGuid = {F1894102-5C3C-4130-9243-F76A8344AFE0}
	EndGlobalSection
EndGlobal
